// !$*UTF8*$!
{
	archiveVersion = 1;
	classes = {
	};
	objectVersion = 51;
	objects = {

/* Begin PBXBuildFile section */
		1F1E4E0F7C084506F17AA1D3 /* Pods_Flix_FlixUITests.framework in Frameworks */ = {isa = PBXBuildFile; fileRef = F134567FBD2C524398E1897F /* Pods_Flix_FlixUITests.framework */; };
		6865FC5F2522F3640031347B /* AppDelegate.swift in Sources */ = {isa = PBXBuildFile; fileRef = 6865FC5E2522F3640031347B /* AppDelegate.swift */; };
		6865FC612522F3640031347B /* SceneDelegate.swift in Sources */ = {isa = PBXBuildFile; fileRef = 6865FC602522F3640031347B /* SceneDelegate.swift */; };
		6865FC662522F3640031347B /* Main.storyboard in Resources */ = {isa = PBXBuildFile; fileRef = 6865FC642522F3640031347B /* Main.storyboard */; };
		6865FC682522F36B0031347B /* Assets.xcassets in Resources */ = {isa = PBXBuildFile; fileRef = 6865FC672522F36B0031347B /* Assets.xcassets */; };
		6865FC6B2522F36B0031347B /* LaunchScreen.storyboard in Resources */ = {isa = PBXBuildFile; fileRef = 6865FC692522F36B0031347B /* LaunchScreen.storyboard */; };
		6865FC762522F36B0031347B /* FlixTests.swift in Sources */ = {isa = PBXBuildFile; fileRef = 6865FC752522F36B0031347B /* FlixTests.swift */; };
		6865FC812522F36C0031347B /* FlixUITests.swift in Sources */ = {isa = PBXBuildFile; fileRef = 6865FC802522F36C0031347B /* FlixUITests.swift */; };
		6865FC9525230D970031347B /* MoviesViewController.swift in Sources */ = {isa = PBXBuildFile; fileRef = 6865FC9425230D970031347B /* MoviesViewController.swift */; };
		6865FC9A252443670031347B /* MovieCell.swift in Sources */ = {isa = PBXBuildFile; fileRef = 6865FC99252443670031347B /* MovieCell.swift */; };
		686B40C9252E828B00F8266E /* MovieGridCell.swift in Sources */ = {isa = PBXBuildFile; fileRef = 686B40C8252E828B00F8266E /* MovieGridCell.swift */; };
		6897E287252D591E003D1307 /* MovieDetailsViewController.swift in Sources */ = {isa = PBXBuildFile; fileRef = 6897E286252D591E003D1307 /* MovieDetailsViewController.swift */; };
		6897E28C252D7C6E003D1307 /* MovieGridViewController.swift in Sources */ = {isa = PBXBuildFile; fileRef = 6897E28B252D7C6E003D1307 /* MovieGridViewController.swift */; };
		73B50AF9B74F5062B27171EE /* Pods_Flix.framework in Frameworks */ = {isa = PBXBuildFile; fileRef = 9B2A6F1B547B9CA103BF2472 /* Pods_Flix.framework */; };
		B6DB02AD92EE97A3E9AA6C28 /* Pods_FlixTests.framework in Frameworks */ = {isa = PBXBuildFile; fileRef = 85FACE977D5486C24FDAC92E /* Pods_FlixTests.framework */; };
/* End PBXBuildFile section */

/* Begin PBXContainerItemProxy section */
		6865FC722522F36B0031347B /* PBXContainerItemProxy */ = {
			isa = PBXContainerItemProxy;
			containerPortal = 6865FC532522F3630031347B /* Project object */;
			proxyType = 1;
			remoteGlobalIDString = 6865FC5A2522F3640031347B;
			remoteInfo = Flix;
		};
		6865FC7D2522F36C0031347B /* PBXContainerItemProxy */ = {
			isa = PBXContainerItemProxy;
			containerPortal = 6865FC532522F3630031347B /* Project object */;
			proxyType = 1;
			remoteGlobalIDString = 6865FC5A2522F3640031347B;
			remoteInfo = Flix;
		};
/* End PBXContainerItemProxy section */

/* Begin PBXFileReference section */
		1BB6D5DBD12FA316E484659D /* Pods-Flix-FlixUITests.release.xcconfig */ = {isa = PBXFileReference; includeInIndex = 1; lastKnownFileType = text.xcconfig; name = "Pods-Flix-FlixUITests.release.xcconfig"; path = "Target Support Files/Pods-Flix-FlixUITests/Pods-Flix-FlixUITests.release.xcconfig"; sourceTree = "<group>"; };
		4AFFEDCC247FAA04C8B75DA5 /* Pods-FlixTests.release.xcconfig */ = {isa = PBXFileReference; includeInIndex = 1; lastKnownFileType = text.xcconfig; name = "Pods-FlixTests.release.xcconfig"; path = "Target Support Files/Pods-FlixTests/Pods-FlixTests.release.xcconfig"; sourceTree = "<group>"; };
		4F86071A9C0A8BC08E3C7938 /* Pods-Flix-FlixUITests.debug.xcconfig */ = {isa = PBXFileReference; includeInIndex = 1; lastKnownFileType = text.xcconfig; name = "Pods-Flix-FlixUITests.debug.xcconfig"; path = "Target Support Files/Pods-Flix-FlixUITests/Pods-Flix-FlixUITests.debug.xcconfig"; sourceTree = "<group>"; };
		571646D27D12E1A37FA4DFF8 /* Pods-FlixTests.debug.xcconfig */ = {isa = PBXFileReference; includeInIndex = 1; lastKnownFileType = text.xcconfig; name = "Pods-FlixTests.debug.xcconfig"; path = "Target Support Files/Pods-FlixTests/Pods-FlixTests.debug.xcconfig"; sourceTree = "<group>"; };
		59C8FD141043DC547ED1C926 /* Pods-Flix.debug.xcconfig */ = {isa = PBXFileReference; includeInIndex = 1; lastKnownFileType = text.xcconfig; name = "Pods-Flix.debug.xcconfig"; path = "Target Support Files/Pods-Flix/Pods-Flix.debug.xcconfig"; sourceTree = "<group>"; };
		6865FC5B2522F3640031347B /* Flix.app */ = {isa = PBXFileReference; explicitFileType = wrapper.application; includeInIndex = 0; path = Flix.app; sourceTree = BUILT_PRODUCTS_DIR; };
		6865FC5E2522F3640031347B /* AppDelegate.swift */ = {isa = PBXFileReference; lastKnownFileType = sourcecode.swift; path = AppDelegate.swift; sourceTree = "<group>"; };
		6865FC602522F3640031347B /* SceneDelegate.swift */ = {isa = PBXFileReference; lastKnownFileType = sourcecode.swift; path = SceneDelegate.swift; sourceTree = "<group>"; };
		6865FC652522F3640031347B /* Base */ = {isa = PBXFileReference; lastKnownFileType = file.storyboard; name = Base; path = Base.lproj/Main.storyboard; sourceTree = "<group>"; };
		6865FC672522F36B0031347B /* Assets.xcassets */ = {isa = PBXFileReference; lastKnownFileType = folder.assetcatalog; path = Assets.xcassets; sourceTree = "<group>"; };
		6865FC6A2522F36B0031347B /* Base */ = {isa = PBXFileReference; lastKnownFileType = file.storyboard; name = Base; path = Base.lproj/LaunchScreen.storyboard; sourceTree = "<group>"; };
		6865FC6C2522F36B0031347B /* Info.plist */ = {isa = PBXFileReference; lastKnownFileType = text.plist.xml; path = Info.plist; sourceTree = "<group>"; };
		6865FC712522F36B0031347B /* FlixTests.xctest */ = {isa = PBXFileReference; explicitFileType = wrapper.cfbundle; includeInIndex = 0; path = FlixTests.xctest; sourceTree = BUILT_PRODUCTS_DIR; };
		6865FC752522F36B0031347B /* FlixTests.swift */ = {isa = PBXFileReference; lastKnownFileType = sourcecode.swift; path = FlixTests.swift; sourceTree = "<group>"; };
		6865FC772522F36C0031347B /* Info.plist */ = {isa = PBXFileReference; lastKnownFileType = text.plist.xml; path = Info.plist; sourceTree = "<group>"; };
		6865FC7C2522F36C0031347B /* FlixUITests.xctest */ = {isa = PBXFileReference; explicitFileType = wrapper.cfbundle; includeInIndex = 0; path = FlixUITests.xctest; sourceTree = BUILT_PRODUCTS_DIR; };
		6865FC802522F36C0031347B /* FlixUITests.swift */ = {isa = PBXFileReference; lastKnownFileType = sourcecode.swift; path = FlixUITests.swift; sourceTree = "<group>"; };
		6865FC822522F36C0031347B /* Info.plist */ = {isa = PBXFileReference; lastKnownFileType = text.plist.xml; path = Info.plist; sourceTree = "<group>"; };
		6865FC9425230D970031347B /* MoviesViewController.swift */ = {isa = PBXFileReference; lastKnownFileType = sourcecode.swift; path = MoviesViewController.swift; sourceTree = "<group>"; };
		6865FC99252443670031347B /* MovieCell.swift */ = {isa = PBXFileReference; lastKnownFileType = sourcecode.swift; path = MovieCell.swift; sourceTree = "<group>"; };
		686B40C8252E828B00F8266E /* MovieGridCell.swift */ = {isa = PBXFileReference; lastKnownFileType = sourcecode.swift; path = MovieGridCell.swift; sourceTree = "<group>"; };
		6897E286252D591E003D1307 /* MovieDetailsViewController.swift */ = {isa = PBXFileReference; lastKnownFileType = sourcecode.swift; path = MovieDetailsViewController.swift; sourceTree = "<group>"; };
		6897E28B252D7C6E003D1307 /* MovieGridViewController.swift */ = {isa = PBXFileReference; lastKnownFileType = sourcecode.swift; path = MovieGridViewController.swift; sourceTree = "<group>"; };
		85FACE977D5486C24FDAC92E /* Pods_FlixTests.framework */ = {isa = PBXFileReference; explicitFileType = wrapper.framework; includeInIndex = 0; path = Pods_FlixTests.framework; sourceTree = BUILT_PRODUCTS_DIR; };
		8CDCAFDF5E997D7F8143FB78 /* Pods-Flix.release.xcconfig */ = {isa = PBXFileReference; includeInIndex = 1; lastKnownFileType = text.xcconfig; name = "Pods-Flix.release.xcconfig"; path = "Target Support Files/Pods-Flix/Pods-Flix.release.xcconfig"; sourceTree = "<group>"; };
		9B2A6F1B547B9CA103BF2472 /* Pods_Flix.framework */ = {isa = PBXFileReference; explicitFileType = wrapper.framework; includeInIndex = 0; path = Pods_Flix.framework; sourceTree = BUILT_PRODUCTS_DIR; };
		F134567FBD2C524398E1897F /* Pods_Flix_FlixUITests.framework */ = {isa = PBXFileReference; explicitFileType = wrapper.framework; includeInIndex = 0; path = Pods_Flix_FlixUITests.framework; sourceTree = BUILT_PRODUCTS_DIR; };
/* End PBXFileReference section */

/* Begin PBXFrameworksBuildPhase section */
		6865FC582522F3640031347B /* Frameworks */ = {
			isa = PBXFrameworksBuildPhase;
			buildActionMask = 2147483647;
			files = (
				73B50AF9B74F5062B27171EE /* Pods_Flix.framework in Frameworks */,
			);
			runOnlyForDeploymentPostprocessing = 0;
		};
		6865FC6E2522F36B0031347B /* Frameworks */ = {
			isa = PBXFrameworksBuildPhase;
			buildActionMask = 2147483647;
			files = (
				B6DB02AD92EE97A3E9AA6C28 /* Pods_FlixTests.framework in Frameworks */,
			);
			runOnlyForDeploymentPostprocessing = 0;
		};
		6865FC792522F36C0031347B /* Frameworks */ = {
			isa = PBXFrameworksBuildPhase;
			buildActionMask = 2147483647;
			files = (
				1F1E4E0F7C084506F17AA1D3 /* Pods_Flix_FlixUITests.framework in Frameworks */,
			);
			runOnlyForDeploymentPostprocessing = 0;
		};
/* End PBXFrameworksBuildPhase section */

/* Begin PBXGroup section */
		6865FC522522F3630031347B = {
			isa = PBXGroup;
			children = (
				6865FC5D2522F3640031347B /* Flix */,
				6865FC742522F36B0031347B /* FlixTests */,
				6865FC7F2522F36C0031347B /* FlixUITests */,
				6865FC5C2522F3640031347B /* Products */,
				F364B5B57B9F81707E08C12F /* Pods */,
				9DA378FF12B0EC65FD60F26F /* Frameworks */,
			);
			sourceTree = "<group>";
		};
		6865FC5C2522F3640031347B /* Products */ = {
			isa = PBXGroup;
			children = (
				6865FC5B2522F3640031347B /* Flix.app */,
				6865FC712522F36B0031347B /* FlixTests.xctest */,
				6865FC7C2522F36C0031347B /* FlixUITests.xctest */,
			);
			name = Products;
			sourceTree = "<group>";
		};
		6865FC5D2522F3640031347B /* Flix */ = {
			isa = PBXGroup;
			children = (
				6865FC5E2522F3640031347B /* AppDelegate.swift */,
				6865FC602522F3640031347B /* SceneDelegate.swift */,
				6865FC642522F3640031347B /* Main.storyboard */,
				6865FC99252443670031347B /* MovieCell.swift */,
				6865FC672522F36B0031347B /* Assets.xcassets */,
				6865FC692522F36B0031347B /* LaunchScreen.storyboard */,
				6865FC6C2522F36B0031347B /* Info.plist */,
				6865FC9425230D970031347B /* MoviesViewController.swift */,
				6897E286252D591E003D1307 /* MovieDetailsViewController.swift */,
				6897E28B252D7C6E003D1307 /* MovieGridViewController.swift */,
				686B40C8252E828B00F8266E /* MovieGridCell.swift */,
			);
			path = Flix;
			sourceTree = "<group>";
		};
		6865FC742522F36B0031347B /* FlixTests */ = {
			isa = PBXGroup;
			children = (
				6865FC752522F36B0031347B /* FlixTests.swift */,
				6865FC772522F36C0031347B /* Info.plist */,
			);
			path = FlixTests;
			sourceTree = "<group>";
		};
		6865FC7F2522F36C0031347B /* FlixUITests */ = {
			isa = PBXGroup;
			children = (
				6865FC802522F36C0031347B /* FlixUITests.swift */,
				6865FC822522F36C0031347B /* Info.plist */,
			);
			path = FlixUITests;
			sourceTree = "<group>";
		};
		9DA378FF12B0EC65FD60F26F /* Frameworks */ = {
			isa = PBXGroup;
			children = (
				9B2A6F1B547B9CA103BF2472 /* Pods_Flix.framework */,
				F134567FBD2C524398E1897F /* Pods_Flix_FlixUITests.framework */,
				85FACE977D5486C24FDAC92E /* Pods_FlixTests.framework */,
			);
			name = Frameworks;
			sourceTree = "<group>";
		};
		F364B5B57B9F81707E08C12F /* Pods */ = {
			isa = PBXGroup;
			children = (
				59C8FD141043DC547ED1C926 /* Pods-Flix.debug.xcconfig */,
				8CDCAFDF5E997D7F8143FB78 /* Pods-Flix.release.xcconfig */,
				4F86071A9C0A8BC08E3C7938 /* Pods-Flix-FlixUITests.debug.xcconfig */,
				1BB6D5DBD12FA316E484659D /* Pods-Flix-FlixUITests.release.xcconfig */,
				571646D27D12E1A37FA4DFF8 /* Pods-FlixTests.debug.xcconfig */,
				4AFFEDCC247FAA04C8B75DA5 /* Pods-FlixTests.release.xcconfig */,
			);
			path = Pods;
			sourceTree = "<group>";
		};
/* End PBXGroup section */

/* Begin PBXNativeTarget section */
		6865FC5A2522F3640031347B /* Flix */ = {
			isa = PBXNativeTarget;
			buildConfigurationList = 6865FC852522F36C0031347B /* Build configuration list for PBXNativeTarget "Flix" */;
			buildPhases = (
				77CECE9E5AE5A206C31C9EF6 /* [CP] Check Pods Manifest.lock */,
				6865FC572522F3640031347B /* Sources */,
				6865FC582522F3640031347B /* Frameworks */,
				6865FC592522F3640031347B /* Resources */,
				0882F9949828B87FAB9C5C63 /* [CP] Embed Pods Frameworks */,
			);
			buildRules = (
			);
			dependencies = (
			);
			name = Flix;
			productName = Flix;
			productReference = 6865FC5B2522F3640031347B /* Flix.app */;
			productType = "com.apple.product-type.application";
		};
		6865FC702522F36B0031347B /* FlixTests */ = {
			isa = PBXNativeTarget;
			buildConfigurationList = 6865FC882522F36C0031347B /* Build configuration list for PBXNativeTarget "FlixTests" */;
			buildPhases = (
				CE54B8A2EA8435B2BDF3ABE3 /* [CP] Check Pods Manifest.lock */,
				6865FC6D2522F36B0031347B /* Sources */,
				6865FC6E2522F36B0031347B /* Frameworks */,
				6865FC6F2522F36B0031347B /* Resources */,
			);
			buildRules = (
			);
			dependencies = (
				6865FC732522F36B0031347B /* PBXTargetDependency */,
			);
			name = FlixTests;
			productName = FlixTests;
			productReference = 6865FC712522F36B0031347B /* FlixTests.xctest */;
			productType = "com.apple.product-type.bundle.unit-test";
		};
		6865FC7B2522F36C0031347B /* FlixUITests */ = {
			isa = PBXNativeTarget;
			buildConfigurationList = 6865FC8B2522F36C0031347B /* Build configuration list for PBXNativeTarget "FlixUITests" */;
			buildPhases = (
				DB20855BDC1E38C7AF6801AB /* [CP] Check Pods Manifest.lock */,
				6865FC782522F36C0031347B /* Sources */,
				6865FC792522F36C0031347B /* Frameworks */,
				6865FC7A2522F36C0031347B /* Resources */,
				5700B3D871B3FFBC8E0ABE56 /* [CP] Embed Pods Frameworks */,
			);
			buildRules = (
			);
			dependencies = (
				6865FC7E2522F36C0031347B /* PBXTargetDependency */,
			);
			name = FlixUITests;
			productName = FlixUITests;
			productReference = 6865FC7C2522F36C0031347B /* FlixUITests.xctest */;
			productType = "com.apple.product-type.bundle.ui-testing";
		};
/* End PBXNativeTarget section */

/* Begin PBXProject section */
		6865FC532522F3630031347B /* Project object */ = {
			isa = PBXProject;
			attributes = {
				LastSwiftUpdateCheck = 1200;
				LastUpgradeCheck = 1200;
				TargetAttributes = {
					6865FC5A2522F3640031347B = {
						CreatedOnToolsVersion = 12.0.1;
					};
					6865FC702522F36B0031347B = {
						CreatedOnToolsVersion = 12.0.1;
						TestTargetID = 6865FC5A2522F3640031347B;
					};
					6865FC7B2522F36C0031347B = {
						CreatedOnToolsVersion = 12.0.1;
						TestTargetID = 6865FC5A2522F3640031347B;
					};
				};
			};
			buildConfigurationList = 6865FC562522F3630031347B /* Build configuration list for PBXProject "Flix" */;
			compatibilityVersion = "Xcode 9.3";
			developmentRegion = en;
			hasScannedForEncodings = 0;
			knownRegions = (
				en,
				Base,
			);
			mainGroup = 6865FC522522F3630031347B;
			productRefGroup = 6865FC5C2522F3640031347B /* Products */;
			projectDirPath = "";
			projectRoot = "";
			targets = (
				6865FC5A2522F3640031347B /* Flix */,
				6865FC702522F36B0031347B /* FlixTests */,
				6865FC7B2522F36C0031347B /* FlixUITests */,
			);
		};
/* End PBXProject section */

/* Begin PBXResourcesBuildPhase section */
		6865FC592522F3640031347B /* Resources */ = {
			isa = PBXResourcesBuildPhase;
			buildActionMask = 2147483647;
			files = (
				6865FC6B2522F36B0031347B /* LaunchScreen.storyboard in Resources */,
				6865FC682522F36B0031347B /* Assets.xcassets in Resources */,
				6865FC662522F3640031347B /* Main.storyboard in Resources */,
			);
			runOnlyForDeploymentPostprocessing = 0;
		};
		6865FC6F2522F36B0031347B /* Resources */ = {
			isa = PBXResourcesBuildPhase;
			buildActionMask = 2147483647;
			files = (
			);
			runOnlyForDeploymentPostprocessing = 0;
		};
		6865FC7A2522F36C0031347B /* Resources */ = {
			isa = PBXResourcesBuildPhase;
			buildActionMask = 2147483647;
			files = (
			);
			runOnlyForDeploymentPostprocessing = 0;
		};
/* End PBXResourcesBuildPhase section */

/* Begin PBXShellScriptBuildPhase section */
		0882F9949828B87FAB9C5C63 /* [CP] Embed Pods Frameworks */ = {
			isa = PBXShellScriptBuildPhase;
			buildActionMask = 2147483647;
			files = (
			);
			inputFileListPaths = (
				"${PODS_ROOT}/Target Support Files/Pods-Flix/Pods-Flix-frameworks-${CONFIGURATION}-input-files.xcfilelist",
			);
			name = "[CP] Embed Pods Frameworks";
			outputFileListPaths = (
				"${PODS_ROOT}/Target Support Files/Pods-Flix/Pods-Flix-frameworks-${CONFIGURATION}-output-files.xcfilelist",
			);
			runOnlyForDeploymentPostprocessing = 0;
			shellPath = /bin/sh;
			shellScript = "\"${PODS_ROOT}/Target Support Files/Pods-Flix/Pods-Flix-frameworks.sh\"\n";
			showEnvVarsInLog = 0;
		};
		5700B3D871B3FFBC8E0ABE56 /* [CP] Embed Pods Frameworks */ = {
			isa = PBXShellScriptBuildPhase;
			buildActionMask = 2147483647;
			files = (
			);
			inputFileListPaths = (
				"${PODS_ROOT}/Target Support Files/Pods-Flix-FlixUITests/Pods-Flix-FlixUITests-frameworks-${CONFIGURATION}-input-files.xcfilelist",
			);
			name = "[CP] Embed Pods Frameworks";
			outputFileListPaths = (
				"${PODS_ROOT}/Target Support Files/Pods-Flix-FlixUITests/Pods-Flix-FlixUITests-frameworks-${CONFIGURATION}-output-files.xcfilelist",
			);
			runOnlyForDeploymentPostprocessing = 0;
			shellPath = /bin/sh;
			shellScript = "\"${PODS_ROOT}/Target Support Files/Pods-Flix-FlixUITests/Pods-Flix-FlixUITests-frameworks.sh\"\n";
			showEnvVarsInLog = 0;
		};
		77CECE9E5AE5A206C31C9EF6 /* [CP] Check Pods Manifest.lock */ = {
			isa = PBXShellScriptBuildPhase;
			buildActionMask = 2147483647;
			files = (
			);
			inputFileListPaths = (
			);
			inputPaths = (
				"${PODS_PODFILE_DIR_PATH}/Podfile.lock",
				"${PODS_ROOT}/Manifest.lock",
			);
			name = "[CP] Check Pods Manifest.lock";
			outputFileListPaths = (
			);
			outputPaths = (
				"$(DERIVED_FILE_DIR)/Pods-Flix-checkManifestLockResult.txt",
			);
			runOnlyForDeploymentPostprocessing = 0;
			shellPath = /bin/sh;
			shellScript = "diff \"${PODS_PODFILE_DIR_PATH}/Podfile.lock\" \"${PODS_ROOT}/Manifest.lock\" > /dev/null\nif [ $? != 0 ] ; then\n    # print error to STDERR\n    echo \"error: The sandbox is not in sync with the Podfile.lock. Run 'pod install' or update your CocoaPods installation.\" >&2\n    exit 1\nfi\n# This output is used by Xcode 'outputs' to avoid re-running this script phase.\necho \"SUCCESS\" > \"${SCRIPT_OUTPUT_FILE_0}\"\n";
			showEnvVarsInLog = 0;
		};
		CE54B8A2EA8435B2BDF3ABE3 /* [CP] Check Pods Manifest.lock */ = {
			isa = PBXShellScriptBuildPhase;
			buildActionMask = 2147483647;
			files = (
			);
			inputFileListPaths = (
			);
			inputPaths = (
				"${PODS_PODFILE_DIR_PATH}/Podfile.lock",
				"${PODS_ROOT}/Manifest.lock",
			);
			name = "[CP] Check Pods Manifest.lock";
			outputFileListPaths = (
			);
			outputPaths = (
				"$(DERIVED_FILE_DIR)/Pods-FlixTests-checkManifestLockResult.txt",
			);
			runOnlyForDeploymentPostprocessing = 0;
			shellPath = /bin/sh;
			shellScript = "diff \"${PODS_PODFILE_DIR_PATH}/Podfile.lock\" \"${PODS_ROOT}/Manifest.lock\" > /dev/null\nif [ $? != 0 ] ; then\n    # print error to STDERR\n    echo \"error: The sandbox is not in sync with the Podfile.lock. Run 'pod install' or update your CocoaPods installation.\" >&2\n    exit 1\nfi\n# This output is used by Xcode 'outputs' to avoid re-running this script phase.\necho \"SUCCESS\" > \"${SCRIPT_OUTPUT_FILE_0}\"\n";
			showEnvVarsInLog = 0;
		};
		DB20855BDC1E38C7AF6801AB /* [CP] Check Pods Manifest.lock */ = {
			isa = PBXShellScriptBuildPhase;
			buildActionMask = 2147483647;
			files = (
			);
			inputFileListPaths = (
			);
			inputPaths = (
				"${PODS_PODFILE_DIR_PATH}/Podfile.lock",
				"${PODS_ROOT}/Manifest.lock",
			);
			name = "[CP] Check Pods Manifest.lock";
			outputFileListPaths = (
			);
			outputPaths = (
				"$(DERIVED_FILE_DIR)/Pods-Flix-FlixUITests-checkManifestLockResult.txt",
			);
			runOnlyForDeploymentPostprocessing = 0;
			shellPath = /bin/sh;
			shellScript = "diff \"${PODS_PODFILE_DIR_PATH}/Podfile.lock\" \"${PODS_ROOT}/Manifest.lock\" > /dev/null\nif [ $? != 0 ] ; then\n    # print error to STDERR\n    echo \"error: The sandbox is not in sync with the Podfile.lock. Run 'pod install' or update your CocoaPods installation.\" >&2\n    exit 1\nfi\n# This output is used by Xcode 'outputs' to avoid re-running this script phase.\necho \"SUCCESS\" > \"${SCRIPT_OUTPUT_FILE_0}\"\n";
			showEnvVarsInLog = 0;
		};
/* End PBXShellScriptBuildPhase section */

/* Begin PBXSourcesBuildPhase section */
		6865FC572522F3640031347B /* Sources */ = {
			isa = PBXSourcesBuildPhase;
			buildActionMask = 2147483647;
			files = (
				6897E287252D591E003D1307 /* MovieDetailsViewController.swift in Sources */,
				6865FC5F2522F3640031347B /* AppDelegate.swift in Sources */,
				6865FC612522F3640031347B /* SceneDelegate.swift in Sources */,
				6865FC9A252443670031347B /* MovieCell.swift in Sources */,
				6865FC9525230D970031347B /* MoviesViewController.swift in Sources */,
				6897E28C252D7C6E003D1307 /* MovieGridViewController.swift in Sources */,
				686B40C9252E828B00F8266E /* MovieGridCell.swift in Sources */,
			);
			runOnlyForDeploymentPostprocessing = 0;
		};
		6865FC6D2522F36B0031347B /* Sources */ = {
			isa = PBXSourcesBuildPhase;
			buildActionMask = 2147483647;
			files = (
				6865FC762522F36B0031347B /* FlixTests.swift in Sources */,
			);
			runOnlyForDeploymentPostprocessing = 0;
		};
		6865FC782522F36C0031347B /* Sources */ = {
			isa = PBXSourcesBuildPhase;
			buildActionMask = 2147483647;
			files = (
				6865FC812522F36C0031347B /* FlixUITests.swift in Sources */,
			);
			runOnlyForDeploymentPostprocessing = 0;
		};
/* End PBXSourcesBuildPhase section */

/* Begin PBXTargetDependency section */
		6865FC732522F36B0031347B /* PBXTargetDependency */ = {
			isa = PBXTargetDependency;
			target = 6865FC5A2522F3640031347B /* Flix */;
			targetProxy = 6865FC722522F36B0031347B /* PBXContainerItemProxy */;
		};
		6865FC7E2522F36C0031347B /* PBXTargetDependency */ = {
			isa = PBXTargetDependency;
			target = 6865FC5A2522F3640031347B /* Flix */;
			targetProxy = 6865FC7D2522F36C0031347B /* PBXContainerItemProxy */;
		};
/* End PBXTargetDependency section */

/* Begin PBXVariantGroup section */
		6865FC642522F3640031347B /* Main.storyboard */ = {
			isa = PBXVariantGroup;
			children = (
				6865FC652522F3640031347B /* Base */,
			);
			name = Main.storyboard;
			sourceTree = "<group>";
		};
		6865FC692522F36B0031347B /* LaunchScreen.storyboard */ = {
			isa = PBXVariantGroup;
			children = (
				6865FC6A2522F36B0031347B /* Base */,
			);
			name = LaunchScreen.storyboard;
			sourceTree = "<group>";
		};
/* End PBXVariantGroup section */

/* Begin XCBuildConfiguration section */
		6865FC832522F36C0031347B /* Debug */ = {
			isa = XCBuildConfiguration;
			buildSettings = {
				ALWAYS_SEARCH_USER_PATHS = NO;
				CLANG_ANALYZER_NONNULL = YES;
				CLANG_ANALYZER_NUMBER_OBJECT_CONVERSION = YES_AGGRESSIVE;
				CLANG_CXX_LANGUAGE_STANDARD = "gnu++14";
				CLANG_CXX_LIBRARY = "libc++";
				CLANG_ENABLE_MODULES = YES;
				CLANG_ENABLE_OBJC_ARC = YES;
				CLANG_ENABLE_OBJC_WEAK = YES;
				CLANG_WARN_BLOCK_CAPTURE_AUTORELEASING = YES;
				CLANG_WARN_BOOL_CONVERSION = YES;
				CLANG_WARN_COMMA = YES;
				CLANG_WARN_CONSTANT_CONVERSION = YES;
				CLANG_WARN_DEPRECATED_OBJC_IMPLEMENTATIONS = YES;
				CLANG_WARN_DIRECT_OBJC_ISA_USAGE = YES_ERROR;
				CLANG_WARN_DOCUMENTATION_COMMENTS = YES;
				CLANG_WARN_EMPTY_BODY = YES;
				CLANG_WARN_ENUM_CONVERSION = YES;
				CLANG_WARN_INFINITE_RECURSION = YES;
				CLANG_WARN_INT_CONVERSION = YES;
				CLANG_WARN_NON_LITERAL_NULL_CONVERSION = YES;
				CLANG_WARN_OBJC_IMPLICIT_RETAIN_SELF = YES;
				CLANG_WARN_OBJC_LITERAL_CONVERSION = YES;
				CLANG_WARN_OBJC_ROOT_CLASS = YES_ERROR;
				CLANG_WARN_QUOTED_INCLUDE_IN_FRAMEWORK_HEADER = YES;
				CLANG_WARN_RANGE_LOOP_ANALYSIS = YES;
				CLANG_WARN_STRICT_PROTOTYPES = YES;
				CLANG_WARN_SUSPICIOUS_MOVE = YES;
				CLANG_WARN_UNGUARDED_AVAILABILITY = YES_AGGRESSIVE;
				CLANG_WARN_UNREACHABLE_CODE = YES;
				CLANG_WARN__DUPLICATE_METHOD_MATCH = YES;
				COPY_PHASE_STRIP = NO;
				DEBUG_INFORMATION_FORMAT = dwarf;
				ENABLE_STRICT_OBJC_MSGSEND = YES;
				ENABLE_TESTABILITY = YES;
				GCC_C_LANGUAGE_STANDARD = gnu11;
				GCC_DYNAMIC_NO_PIC = NO;
				GCC_NO_COMMON_BLOCKS = YES;
				GCC_OPTIMIZATION_LEVEL = 0;
				GCC_PREPROCESSOR_DEFINITIONS = (
					"DEBUG=1",
					"$(inherited)",
				);
				GCC_WARN_64_TO_32_BIT_CONVERSION = YES;
				GCC_WARN_ABOUT_RETURN_TYPE = YES_ERROR;
				GCC_WARN_UNDECLARED_SELECTOR = YES;
				GCC_WARN_UNINITIALIZED_AUTOS = YES_AGGRESSIVE;
				GCC_WARN_UNUSED_FUNCTION = YES;
				GCC_WARN_UNUSED_VARIABLE = YES;
				IPHONEOS_DEPLOYMENT_TARGET = 14.0;
				MTL_ENABLE_DEBUG_INFO = INCLUDE_SOURCE;
				MTL_FAST_MATH = YES;
				ONLY_ACTIVE_ARCH = YES;
				SDKROOT = iphoneos;
				SWIFT_ACTIVE_COMPILATION_CONDITIONS = DEBUG;
				SWIFT_OPTIMIZATION_LEVEL = "-Onone";
			};
			name = Debug;
		};
		6865FC842522F36C0031347B /* Release */ = {
			isa = XCBuildConfiguration;
			buildSettings = {
				ALWAYS_SEARCH_USER_PATHS = NO;
				CLANG_ANALYZER_NONNULL = YES;
				CLANG_ANALYZER_NUMBER_OBJECT_CONVERSION = YES_AGGRESSIVE;
				CLANG_CXX_LANGUAGE_STANDARD = "gnu++14";
				CLANG_CXX_LIBRARY = "libc++";
				CLANG_ENABLE_MODULES = YES;
				CLANG_ENABLE_OBJC_ARC = YES;
				CLANG_ENABLE_OBJC_WEAK = YES;
				CLANG_WARN_BLOCK_CAPTURE_AUTORELEASING = YES;
				CLANG_WARN_BOOL_CONVERSION = YES;
				CLANG_WARN_COMMA = YES;
				CLANG_WARN_CONSTANT_CONVERSION = YES;
				CLANG_WARN_DEPRECATED_OBJC_IMPLEMENTATIONS = YES;
				CLANG_WARN_DIRECT_OBJC_ISA_USAGE = YES_ERROR;
				CLANG_WARN_DOCUMENTATION_COMMENTS = YES;
				CLANG_WARN_EMPTY_BODY = YES;
				CLANG_WARN_ENUM_CONVERSION = YES;
				CLANG_WARN_INFINITE_RECURSION = YES;
				CLANG_WARN_INT_CONVERSION = YES;
				CLANG_WARN_NON_LITERAL_NULL_CONVERSION = YES;
				CLANG_WARN_OBJC_IMPLICIT_RETAIN_SELF = YES;
				CLANG_WARN_OBJC_LITERAL_CONVERSION = YES;
				CLANG_WARN_OBJC_ROOT_CLASS = YES_ERROR;
				CLANG_WARN_QUOTED_INCLUDE_IN_FRAMEWORK_HEADER = YES;
				CLANG_WARN_RANGE_LOOP_ANALYSIS = YES;
				CLANG_WARN_STRICT_PROTOTYPES = YES;
				CLANG_WARN_SUSPICIOUS_MOVE = YES;
				CLANG_WARN_UNGUARDED_AVAILABILITY = YES_AGGRESSIVE;
				CLANG_WARN_UNREACHABLE_CODE = YES;
				CLANG_WARN__DUPLICATE_METHOD_MATCH = YES;
				COPY_PHASE_STRIP = NO;
				DEBUG_INFORMATION_FORMAT = "dwarf-with-dsym";
				ENABLE_NS_ASSERTIONS = NO;
				ENABLE_STRICT_OBJC_MSGSEND = YES;
				GCC_C_LANGUAGE_STANDARD = gnu11;
				GCC_NO_COMMON_BLOCKS = YES;
				GCC_WARN_64_TO_32_BIT_CONVERSION = YES;
				GCC_WARN_ABOUT_RETURN_TYPE = YES_ERROR;
				GCC_WARN_UNDECLARED_SELECTOR = YES;
				GCC_WARN_UNINITIALIZED_AUTOS = YES_AGGRESSIVE;
				GCC_WARN_UNUSED_FUNCTION = YES;
				GCC_WARN_UNUSED_VARIABLE = YES;
				IPHONEOS_DEPLOYMENT_TARGET = 14.0;
				MTL_ENABLE_DEBUG_INFO = NO;
				MTL_FAST_MATH = YES;
				SDKROOT = iphoneos;
				SWIFT_COMPILATION_MODE = wholemodule;
				SWIFT_OPTIMIZATION_LEVEL = "-O";
				VALIDATE_PRODUCT = YES;
			};
			name = Release;
		};
		6865FC862522F36C0031347B /* Debug */ = {
			isa = XCBuildConfiguration;
			baseConfigurationReference = 59C8FD141043DC547ED1C926 /* Pods-Flix.debug.xcconfig */;
			buildSettings = {
				ASSETCATALOG_COMPILER_APPICON_NAME = AppIcon;
				ASSETCATALOG_COMPILER_GLOBAL_ACCENT_COLOR_NAME = AccentColor;
				CODE_SIGN_STYLE = Automatic;
				INFOPLIST_FILE = Flix/Info.plist;
				LD_RUNPATH_SEARCH_PATHS = (
					"$(inherited)",
					"@executable_path/Frameworks",
				);
				PRODUCT_BUNDLE_IDENTIFIER = "com.Ali-Noor.Flix";
				PRODUCT_NAME = "$(TARGET_NAME)";
				SWIFT_VERSION = 5.0;
				TARGETED_DEVICE_FAMILY = "1,2";
			};
			name = Debug;
		};
		6865FC872522F36C0031347B /* Release */ = {
			isa = XCBuildConfiguration;
			baseConfigurationReference = 8CDCAFDF5E997D7F8143FB78 /* Pods-Flix.release.xcconfig */;
			buildSettings = {
				ASSETCATALOG_COMPILER_APPICON_NAME = AppIcon;
				ASSETCATALOG_COMPILER_GLOBAL_ACCENT_COLOR_NAME = AccentColor;
				CODE_SIGN_STYLE = Automatic;
				INFOPLIST_FILE = Flix/Info.plist;
				LD_RUNPATH_SEARCH_PATHS = (
					"$(inherited)",
					"@executable_path/Frameworks",
				);
				PRODUCT_BUNDLE_IDENTIFIER = "com.Ali-Noor.Flix";
				PRODUCT_NAME = "$(TARGET_NAME)";
				SWIFT_VERSION = 5.0;
				TARGETED_DEVICE_FAMILY = "1,2";
			};
			name = Release;
		};
		6865FC892522F36C0031347B /* Debug */ = {
			isa = XCBuildConfiguration;
			baseConfigurationReference = 571646D27D12E1A37FA4DFF8 /* Pods-FlixTests.debug.xcconfig */;
			buildSettings = {
				ALWAYS_EMBED_SWIFT_STANDARD_LIBRARIES = YES;
				BUNDLE_LOADER = "$(TEST_HOST)";
				CODE_SIGN_STYLE = Automatic;
				INFOPLIST_FILE = FlixTests/Info.plist;
				IPHONEOS_DEPLOYMENT_TARGET = 14.0;
				LD_RUNPATH_SEARCH_PATHS = (
					"$(inherited)",
					"@executable_path/Frameworks",
					"@loader_path/Frameworks",
				);
				PRODUCT_BUNDLE_IDENTIFIER = "com.Ali-Noor.FlixTests";
				PRODUCT_NAME = "$(TARGET_NAME)";
				SWIFT_VERSION = 5.0;
				TARGETED_DEVICE_FAMILY = "1,2";
				TEST_HOST = "$(BUILT_PRODUCTS_DIR)/Flix.app/Flix";
			};
			name = Debug;
		};
		6865FC8A2522F36C0031347B /* Release */ = {
			isa = XCBuildConfiguration;
			baseConfigurationReference = 4AFFEDCC247FAA04C8B75DA5 /* Pods-FlixTests.release.xcconfig */;
			buildSettings = {
				ALWAYS_EMBED_SWIFT_STANDARD_LIBRARIES = YES;
				BUNDLE_LOADER = "$(TEST_HOST)";
				CODE_SIGN_STYLE = Automatic;
				INFOPLIST_FILE = FlixTests/Info.plist;
				IPHONEOS_DEPLOYMENT_TARGET = 14.0;
				LD_RUNPATH_SEARCH_PATHS = (
					"$(inherited)",
					"@executable_path/Frameworks",
					"@loader_path/Frameworks",
				);
				PRODUCT_BUNDLE_IDENTIFIER = "com.Ali-Noor.FlixTests";
				PRODUCT_NAME = "$(TARGET_NAME)";
				SWIFT_VERSION = 5.0;
				TARGETED_DEVICE_FAMILY = "1,2";
				TEST_HOST = "$(BUILT_PRODUCTS_DIR)/Flix.app/Flix";
			};
			name = Release;
		};
		6865FC8C2522F36C0031347B /* Debug */ = {
			isa = XCBuildConfiguration;
			baseConfigurationReference = 4F86071A9C0A8BC08E3C7938 /* Pods-Flix-FlixUITests.debug.xcconfig */;
			buildSettings = {
				ALWAYS_EMBED_SWIFT_STANDARD_LIBRARIES = YES;
				CODE_SIGN_STYLE = Automatic;
				INFOPLIST_FILE = FlixUITests/Info.plist;
				LD_RUNPATH_SEARCH_PATHS = (
					"$(inherited)",
					"@executable_path/Frameworks",
					"@loader_path/Frameworks",
				);
				PRODUCT_BUNDLE_IDENTIFIER = "com.Ali-Noor.FlixUITests";
				PRODUCT_NAME = "$(TARGET_NAME)";
				SWIFT_VERSION = 5.0;
				TARGETED_DEVICE_FAMILY = "1,2";
				TEST_TARGET_NAME = Flix;
			};
			name = Debug;
		};
		6865FC8D2522F36C0031347B /* Release */ = {
			isa = XCBuildConfiguration;
			baseConfigurationReference = 1BB6D5DBD12FA316E484659D /* Pods-Flix-FlixUITests.release.xcconfig */;
			buildSettings = {
				ALWAYS_EMBED_SWIFT_STANDARD_LIBRARIES = YES;
				CODE_SIGN_STYLE = Automatic;
				INFOPLIST_FILE = FlixUITests/Info.plist;
				LD_RUNPATH_SEARCH_PATHS = (
					"$(inherited)",
					"@executable_path/Frameworks",
					"@loader_path/Frameworks",
				);
				PRODUCT_BUNDLE_IDENTIFIER = "com.Ali-Noor.FlixUITests";
				PRODUCT_NAME = "$(TARGET_NAME)";
				SWIFT_VERSION = 5.0;
				TARGETED_DEVICE_FAMILY = "1,2";
				TEST_TARGET_NAME = Flix;
			};
			name = Release;
		};
/* End XCBuildConfiguration section */

/* Begin XCConfigurationList section */
		6865FC562522F3630031347B /* Build configuration list for PBXProject "Flix" */ = {
			isa = XCConfigurationList;
			buildConfigurations = (
				6865FC832522F36C0031347B /* Debug */,
				6865FC842522F36C0031347B /* Release */,
			);
			defaultConfigurationIsVisible = 0;
			defaultConfigurationName = Release;
		};
		6865FC852522F36C0031347B /* Build configuration list for PBXNativeTarget "Flix" */ = {
			isa = XCConfigurationList;
			buildConfigurations = (
				6865FC862522F36C0031347B /* Debug */,
				6865FC872522F36C0031347B /* Release */,
			);
			defaultConfigurationIsVisible = 0;
			defaultConfigurationName = Release;
		};
		6865FC882522F36C0031347B /* Build configuration list for PBXNativeTarget "FlixTests" */ = {
			isa = XCConfigurationList;
			buildConfigurations = (
				6865FC892522F36C0031347B /* Debug */,
				6865FC8A2522F36C0031347B /* Release */,
			);
			defaultConfigurationIsVisible = 0;
			defaultConfigurationName = Release;
		};
		6865FC8B2522F36C0031347B /* Build configuration list for PBXNativeTarget "FlixUITests" */ = {
			isa = XCConfigurationList;
			buildConfigurations = (
				6865FC8C2522F36C0031347B /* Debug */,
				6865FC8D2522F36C0031347B /* Release */,
			);
			defaultConfigurationIsVisible = 0;
			defaultConfigurationName = Release;
		};
/* End XCConfigurationList section */
	};
	rootObject = 6865FC532522F3630031347B /* Project object */;
}
